<?xml version="1.0" encoding="utf-8"?>
<Project ToolsVersion="4.0" xmlns="http://schemas.microsoft.com/developer/msbuild/2003">
  <ItemGroup>
    <Filter Include="Source Files">
      <UniqueIdentifier>{2bade267-8eb9-4821-b0c7-8e3427ab97c3}</UniqueIdentifier>
      <Extensions>cpp;c;cxx;rc;def;r;odl;idl;hpj;bat</Extensions>
    </Filter>
    <Filter Include="Header Files">
      <UniqueIdentifier>{4cfc3843-bb15-44a7-b2e0-f3bd9e3bd86e}</UniqueIdentifier>
      <Extensions>h;hpp;hxx;hm;inl</Extensions>
    </Filter>
    <Filter Include="Resource Files">
      <UniqueIdentifier>{0e3bcae1-be6f-4e39-9388-8b5f967cebb9}</UniqueIdentifier>
      <Extensions>ico;cur;bmp;dlg;rc2;rct;bin;rgs;gif;jpg;jpeg;jpe</Extensions>
    </Filter>
  </ItemGroup>
  <ItemGroup>
    <ClCompile Include="..\cgicc\Cgicc.cpp">
      <Filter>Source Files</Filter>
    </ClCompile>
    <ClCompile Include="..\cgicc\CgiEnvironment.cpp">
      <Filter>Source Files</Filter>
    </ClCompile>
    <ClCompile Include="..\cgicc\CgiInput.cpp">
      <Filter>Source Files</Filter>
    </ClCompile>
    <ClCompile Include="..\cgicc\CgiUtils.cpp">
      <Filter>Source Files</Filter>
    </ClCompile>
    <ClCompile Include="..\cgicc\FormEntry.cpp">
      <Filter>Source Files</Filter>
    </ClCompile>
    <ClCompile Include="..\cgicc\FormFile.cpp">
      <Filter>Source Files</Filter>
    </ClCompile>
    <ClCompile Include="..\cgicc\HTMLAttribute.cpp">
      <Filter>Source Files</Filter>
    </ClCompile>
    <ClCompile Include="..\cgicc\HTMLAttributeList.cpp">
      <Filter>Source Files</Filter>
    </ClCompile>
    <ClCompile Include="..\cgicc\HTMLDoctype.cpp">
      <Filter>Source Files</Filter>
    </ClCompile>
    <ClCompile Include="..\cgicc\HTMLElement.cpp">
      <Filter>Source Files</Filter>
    </ClCompile>
    <ClCompile Include="..\cgicc\HTMLElementList.cpp">
      <Filter>Source Files</Filter>
    </ClCompile>
    <ClCompile Include="..\cgicc\HTTPContentHeader.cpp">
      <Filter>Source Files</Filter>
    </ClCompile>
    <ClCompile Include="..\cgicc\HTTPCookie.cpp">
      <Filter>Source Files</Filter>
    </ClCompile>
    <ClCompile Include="..\cgicc\HTTPHeader.cpp">
      <Filter>Source Files</Filter>
    </ClCompile>
    <ClCompile Include="..\cgicc\HTTPHTMLHeader.cpp">
      <Filter>Source Files</Filter>
    </ClCompile>
    <ClCompile Include="..\cgicc\HTTPPlainHeader.cpp">
      <Filter>Source Files</Filter>
    </ClCompile>
    <ClCompile Include="..\cgicc\HTTPRedirectHeader.cpp">
      <Filter>Source Files</Filter>
    </ClCompile>
    <ClCompile Include="..\cgicc\HTTPResponseHeader.cpp">
      <Filter>Source Files</Filter>
    </ClCompile>
    <ClCompile Include="..\cgicc\HTTPStatusHeader.cpp">
      <Filter>Source Files</Filter>
    </ClCompile>
    <ClCompile Include="..\cgicc\MStreamable.cpp">
      <Filter>Source Files</Filter>
    </ClCompile>
  </ItemGroup>
  <ItemGroup>
    <ClInclude Include="..\cgicc\Cgicc.h">
      <Filter>Header Files</Filter>
    </ClInclude>
    <ClInclude Include="..\cgicc\CgiDefs.h">
      <Filter>Header Files</Filter>
    </ClInclude>
    <ClInclude Include="..\cgicc\CgiEnvironment.h">
      <Filter>Header Files</Filter>
    </ClInclude>
    <ClInclude Include="..\cgicc\CgiInput.h">
      <Filter>Header Files</Filter>
    </ClInclude>
    <ClInclude Include="..\cgicc\CgiUtils.h">
      <Filter>Header Files</Filter>
    </ClInclude>
    <ClInclude Include="..\cgicc\FormEntry.h">
      <Filter>Header Files</Filter>
    </ClInclude>
    <ClInclude Include="..\cgicc\FormFile.h">
      <Filter>Header Files</Filter>
    </ClInclude>
    <ClInclude Include="..\cgicc\HTMLAtomicElement.h">
      <Filter>Header Files</Filter>
    </ClInclude>
    <ClInclude Include="..\cgicc\HTMLAttribute.h">
      <Filter>Header Files</Filter>
    </ClInclude>
    <ClInclude Include="..\cgicc\HTMLAttributeList.h">
      <Filter>Header Files</Filter>
    </ClInclude>
    <ClInclude Include="..\cgicc\HTMLBooleanElement.h">
      <Filter>Header Files</Filter>
    </ClInclude>
    <ClInclude Include="..\cgicc\HTMLClasses.h">
      <Filter>Header Files</Filter>
    </ClInclude>
    <ClInclude Include="..\cgicc\HTMLDoctype.h">
      <Filter>Header Files</Filter>
    </ClInclude>
    <ClInclude Include="..\cgicc\HTMLElement.h">
      <Filter>Header Files</Filter>
    </ClInclude>
    <ClInclude Include="..\cgicc\HTMLElementList.h">
      <Filter>Header Files</Filter>
    </ClInclude>
    <ClInclude Include="..\cgicc\HTTPContentHeader.h">
      <Filter>Header Files</Filter>
    </ClInclude>
    <ClInclude Include="..\cgicc\HTTPCookie.h">
      <Filter>Header Files</Filter>
    </ClInclude>
    <ClInclude Include="..\cgicc\HTTPHeader.h">
      <Filter>Header Files</Filter>
    </ClInclude>
    <ClInclude Include="..\cgicc\HTTPHTMLHeader.h">
      <Filter>Header Files</Filter>
    </ClInclude>
    <ClInclude Include="..\cgicc\HTTPPlainHeader.h">
      <Filter>Header Files</Filter>
    </ClInclude>
    <ClInclude Include="..\cgicc\HTTPRedirectHeader.h">
      <Filter>Header Files</Filter>
    </ClInclude>
    <ClInclude Include="..\cgicc\HTTPResponseHeader.h">
      <Filter>Header Files</Filter>
    </ClInclude>
    <ClInclude Include="..\cgicc\HTTPStatusHeader.h">
      <Filter>Header Files</Filter>
    </ClInclude>
    <ClInclude Include="..\cgicc\MStreamable.h">
      <Filter>Header Files</Filter>
    </ClInclude>
  </ItemGroup>
</Project>